// !$*UTF8*$!
{
	archiveVersion = 1;
	classes = {
	};
	objectVersion = 46;
	objects = {

/* Begin PBXBuildFile section */
		5723849F18DDCE31000CA9EB /* QuartzCore.framework in Frameworks */ = {isa = PBXBuildFile; fileRef = 5723849E18DDCE31000CA9EB /* QuartzCore.framework */; };
		572384A118DE58CF000CA9EB /* TankSpriteSheet.png in Resources */ = {isa = PBXBuildFile; fileRef = 572384A018DE58CF000CA9EB /* TankSpriteSheet.png */; };
		572384A318DE5CC3000CA9EB /* Tank.png in Resources */ = {isa = PBXBuildFile; fileRef = 572384A218DE5CC3000CA9EB /* Tank.png */; };
		577162A019001FD800CF2E82 /* left_arrow_pressed.png in Resources */ = {isa = PBXBuildFile; fileRef = 5771629C19001FD800CF2E82 /* left_arrow_pressed.png */; };
		577162A119001FD800CF2E82 /* right_arrow.png in Resources */ = {isa = PBXBuildFile; fileRef = 5771629D19001FD800CF2E82 /* right_arrow.png */; };
		577162A219001FD800CF2E82 /* right_arrow_pressed.png in Resources */ = {isa = PBXBuildFile; fileRef = 5771629E19001FD800CF2E82 /* right_arrow_pressed.png */; };
		577162A319001FD800CF2E82 /* left_arrow.png in Resources */ = {isa = PBXBuildFile; fileRef = 5771629F19001FD800CF2E82 /* left_arrow.png */; };
		577162A619003F8300CF2E82 /* PSSwipeZone.m in Sources */ = {isa = PBXBuildFile; fileRef = 577162A519003F8300CF2E82 /* PSSwipeZone.m */; };
		578D3F5F18DB3066000FC8C1 /* Foundation.framework in Frameworks */ = {isa = PBXBuildFile; fileRef = 578D3F5E18DB3066000FC8C1 /* Foundation.framework */; };
		578D3F6118DB3066000FC8C1 /* CoreGraphics.framework in Frameworks */ = {isa = PBXBuildFile; fileRef = 578D3F6018DB3066000FC8C1 /* CoreGraphics.framework */; };
		578D3F6318DB3066000FC8C1 /* UIKit.framework in Frameworks */ = {isa = PBXBuildFile; fileRef = 578D3F6218DB3066000FC8C1 /* UIKit.framework */; };
		578D3F6918DB3066000FC8C1 /* InfoPlist.strings in Resources */ = {isa = PBXBuildFile; fileRef = 578D3F6718DB3066000FC8C1 /* InfoPlist.strings */; };
		578D3F6B18DB3066000FC8C1 /* main.m in Sources */ = {isa = PBXBuildFile; fileRef = 578D3F6A18DB3066000FC8C1 /* main.m */; };
		578D3F6F18DB3066000FC8C1 /* PSAppDelegate.m in Sources */ = {isa = PBXBuildFile; fileRef = 578D3F6E18DB3066000FC8C1 /* PSAppDelegate.m */; };
		578D3F7218DB3066000FC8C1 /* Main_iPhone.storyboard in Resources */ = {isa = PBXBuildFile; fileRef = 578D3F7018DB3066000FC8C1 /* Main_iPhone.storyboard */; };
		578D3F7518DB3066000FC8C1 /* Main_iPad.storyboard in Resources */ = {isa = PBXBuildFile; fileRef = 578D3F7318DB3066000FC8C1 /* Main_iPad.storyboard */; };
		578D3F7818DB3066000FC8C1 /* PSViewController.m in Sources */ = {isa = PBXBuildFile; fileRef = 578D3F7718DB3066000FC8C1 /* PSViewController.m */; };
		578D3F7A18DB3066000FC8C1 /* Images.xcassets in Resources */ = {isa = PBXBuildFile; fileRef = 578D3F7918DB3066000FC8C1 /* Images.xcassets */; };
		578D3F8118DB3066000FC8C1 /* XCTest.framework in Frameworks */ = {isa = PBXBuildFile; fileRef = 578D3F8018DB3066000FC8C1 /* XCTest.framework */; };
		578D3F8218DB3066000FC8C1 /* Foundation.framework in Frameworks */ = {isa = PBXBuildFile; fileRef = 578D3F5E18DB3066000FC8C1 /* Foundation.framework */; };
		578D3F8318DB3066000FC8C1 /* UIKit.framework in Frameworks */ = {isa = PBXBuildFile; fileRef = 578D3F6218DB3066000FC8C1 /* UIKit.framework */; };
		578D3F8B18DB3066000FC8C1 /* InfoPlist.strings in Resources */ = {isa = PBXBuildFile; fileRef = 578D3F8918DB3066000FC8C1 /* InfoPlist.strings */; };
		578D3F8D18DB3066000FC8C1 /* ProjectShooterTests.m in Sources */ = {isa = PBXBuildFile; fileRef = 578D3F8C18DB3066000FC8C1 /* ProjectShooterTests.m */; };
		578D3F9918DB30B4000FC8C1 /* PSGameViewController.m in Sources */ = {isa = PBXBuildFile; fileRef = 578D3F9818DB30B4000FC8C1 /* PSGameViewController.m */; };
		578D3F9C18DB30CC000FC8C1 /* PSGameManager.m in Sources */ = {isa = PBXBuildFile; fileRef = 578D3F9B18DB30CC000FC8C1 /* PSGameManager.m */; };
		578D3F9F18DB6DD2000FC8C1 /* PSScreenElement.m in Sources */ = {isa = PBXBuildFile; fileRef = 578D3F9E18DB6DD2000FC8C1 /* PSScreenElement.m */; };
		578D3FA318DB6E24000FC8C1 /* PSPlayer.m in Sources */ = {isa = PBXBuildFile; fileRef = 578D3FA218DB6E24000FC8C1 /* PSPlayer.m */; };
		578D3FA618DB6E66000FC8C1 /* PSShooter.m in Sources */ = {isa = PBXBuildFile; fileRef = 578D3FA518DB6E66000FC8C1 /* PSShooter.m */; };
		578D3FA918DB6E8E000FC8C1 /* PSHelicopter.m in Sources */ = {isa = PBXBuildFile; fileRef = 578D3FA818DB6E8E000FC8C1 /* PSHelicopter.m */; };
		578D3FAE18DB6F7B000FC8C1 /* PSDropper.m in Sources */ = {isa = PBXBuildFile; fileRef = 578D3FAD18DB6F7B000FC8C1 /* PSDropper.m */; };
		578D3FB118DB702E000FC8C1 /* PSBomb.m in Sources */ = {isa = PBXBuildFile; fileRef = 578D3FB018DB702E000FC8C1 /* PSBomb.m */; };
		578D3FB418DB71BC000FC8C1 /* PSBoulder.m in Sources */ = {isa = PBXBuildFile; fileRef = 578D3FB318DB71BC000FC8C1 /* PSBoulder.m */; };
		578D3FB718DB73A4000FC8C1 /* PSBonus.m in Sources */ = {isa = PBXBuildFile; fileRef = 578D3FB618DB73A4000FC8C1 /* PSBonus.m */; };
		578D3FBB18DD2250000FC8C1 /* Helicopter-1.png in Resources */ = {isa = PBXBuildFile; fileRef = 578D3FBA18DD2250000FC8C1 /* Helicopter-1.png */; };
		578D3FBD18DD2F95000FC8C1 /* Definitions.m in Sources */ = {isa = PBXBuildFile; fileRef = 578D3FBC18DD2F95000FC8C1 /* Definitions.m */; };
		57D1060318FE2ABA00FB8AEF /* PSTouch.m in Sources */ = {isa = PBXBuildFile; fileRef = 57D1060218FE2ABA00FB8AEF /* PSTouch.m */; };
		57D1060618FFF8ED00FB8AEF /* PSTapZone.m in Sources */ = {isa = PBXBuildFile; fileRef = 57D1060518FFF8ED00FB8AEF /* PSTapZone.m */; };
		57D1060A19000C2700FB8AEF /* PSButton.m in Sources */ = {isa = PBXBuildFile; fileRef = 57D1060919000C2700FB8AEF /* PSButton.m */; };
/* End PBXBuildFile section */

/* Begin PBXContainerItemProxy section */
		578D3F8418DB3066000FC8C1 /* PBXContainerItemProxy */ = {
			isa = PBXContainerItemProxy;
			containerPortal = 578D3F5318DB3066000FC8C1 /* Project object */;
			proxyType = 1;
			remoteGlobalIDString = 578D3F5A18DB3066000FC8C1;
			remoteInfo = ProjectShooter;
		};
/* End PBXContainerItemProxy section */

/* Begin PBXFileReference section */
		5723849E18DDCE31000CA9EB /* QuartzCore.framework */ = {isa = PBXFileReference; lastKnownFileType = wrapper.framework; name = QuartzCore.framework; path = System/Library/Frameworks/QuartzCore.framework; sourceTree = SDKROOT; };
		572384A018DE58CF000CA9EB /* TankSpriteSheet.png */ = {isa = PBXFileReference; lastKnownFileType = image.png; path = TankSpriteSheet.png; sourceTree = "<group>"; };
		572384A218DE5CC3000CA9EB /* Tank.png */ = {isa = PBXFileReference; lastKnownFileType = image.png; path = Tank.png; sourceTree = "<group>"; };
		5771629C19001FD800CF2E82 /* left_arrow_pressed.png */ = {isa = PBXFileReference; lastKnownFileType = image.png; path = left_arrow_pressed.png; sourceTree = "<group>"; };
		5771629D19001FD800CF2E82 /* right_arrow.png */ = {isa = PBXFileReference; lastKnownFileType = image.png; path = right_arrow.png; sourceTree = "<group>"; };
		5771629E19001FD800CF2E82 /* right_arrow_pressed.png */ = {isa = PBXFileReference; lastKnownFileType = image.png; path = right_arrow_pressed.png; sourceTree = "<group>"; };
		5771629F19001FD800CF2E82 /* left_arrow.png */ = {isa = PBXFileReference; lastKnownFileType = image.png; path = left_arrow.png; sourceTree = "<group>"; };
		577162A419003F8300CF2E82 /* PSSwipeZone.h */ = {isa = PBXFileReference; fileEncoding = 4; lastKnownFileType = sourcecode.c.h; path = PSSwipeZone.h; sourceTree = "<group>"; };
		577162A519003F8300CF2E82 /* PSSwipeZone.m */ = {isa = PBXFileReference; fileEncoding = 4; lastKnownFileType = sourcecode.c.objc; path = PSSwipeZone.m; sourceTree = "<group>"; };
		578D3F5B18DB3066000FC8C1 /* ProjectShooter.app */ = {isa = PBXFileReference; explicitFileType = wrapper.application; includeInIndex = 0; path = ProjectShooter.app; sourceTree = BUILT_PRODUCTS_DIR; };
		578D3F5E18DB3066000FC8C1 /* Foundation.framework */ = {isa = PBXFileReference; lastKnownFileType = wrapper.framework; name = Foundation.framework; path = System/Library/Frameworks/Foundation.framework; sourceTree = SDKROOT; };
		578D3F6018DB3066000FC8C1 /* CoreGraphics.framework */ = {isa = PBXFileReference; lastKnownFileType = wrapper.framework; name = CoreGraphics.framework; path = System/Library/Frameworks/CoreGraphics.framework; sourceTree = SDKROOT; };
		578D3F6218DB3066000FC8C1 /* UIKit.framework */ = {isa = PBXFileReference; lastKnownFileType = wrapper.framework; name = UIKit.framework; path = System/Library/Frameworks/UIKit.framework; sourceTree = SDKROOT; };
		578D3F6618DB3066000FC8C1 /* ProjectShooter-Info.plist */ = {isa = PBXFileReference; lastKnownFileType = text.plist.xml; path = "ProjectShooter-Info.plist"; sourceTree = "<group>"; };
		578D3F6818DB3066000FC8C1 /* en */ = {isa = PBXFileReference; lastKnownFileType = text.plist.strings; name = en; path = en.lproj/InfoPlist.strings; sourceTree = "<group>"; };
		578D3F6A18DB3066000FC8C1 /* main.m */ = {isa = PBXFileReference; lastKnownFileType = sourcecode.c.objc; path = main.m; sourceTree = "<group>"; };
		578D3F6C18DB3066000FC8C1 /* ProjectShooter-Prefix.pch */ = {isa = PBXFileReference; lastKnownFileType = sourcecode.c.h; path = "ProjectShooter-Prefix.pch"; sourceTree = "<group>"; };
		578D3F6D18DB3066000FC8C1 /* PSAppDelegate.h */ = {isa = PBXFileReference; lastKnownFileType = sourcecode.c.h; path = PSAppDelegate.h; sourceTree = "<group>"; };
		578D3F6E18DB3066000FC8C1 /* PSAppDelegate.m */ = {isa = PBXFileReference; lastKnownFileType = sourcecode.c.objc; path = PSAppDelegate.m; sourceTree = "<group>"; };
		578D3F7118DB3066000FC8C1 /* Base */ = {isa = PBXFileReference; lastKnownFileType = file.storyboard; name = Base; path = Base.lproj/Main_iPhone.storyboard; sourceTree = "<group>"; };
		578D3F7418DB3066000FC8C1 /* Base */ = {isa = PBXFileReference; lastKnownFileType = file.storyboard; name = Base; path = Base.lproj/Main_iPad.storyboard; sourceTree = "<group>"; };
		578D3F7618DB3066000FC8C1 /* PSViewController.h */ = {isa = PBXFileReference; lastKnownFileType = sourcecode.c.h; path = PSViewController.h; sourceTree = "<group>"; };
		578D3F7718DB3066000FC8C1 /* PSViewController.m */ = {isa = PBXFileReference; lastKnownFileType = sourcecode.c.objc; path = PSViewController.m; sourceTree = "<group>"; };
		578D3F7918DB3066000FC8C1 /* Images.xcassets */ = {isa = PBXFileReference; lastKnownFileType = folder.assetcatalog; path = Images.xcassets; sourceTree = "<group>"; };
		578D3F7F18DB3066000FC8C1 /* ProjectShooterTests.xctest */ = {isa = PBXFileReference; explicitFileType = wrapper.cfbundle; includeInIndex = 0; path = ProjectShooterTests.xctest; sourceTree = BUILT_PRODUCTS_DIR; };
		578D3F8018DB3066000FC8C1 /* XCTest.framework */ = {isa = PBXFileReference; lastKnownFileType = wrapper.framework; name = XCTest.framework; path = Library/Frameworks/XCTest.framework; sourceTree = DEVELOPER_DIR; };
		578D3F8818DB3066000FC8C1 /* ProjectShooterTests-Info.plist */ = {isa = PBXFileReference; lastKnownFileType = text.plist.xml; path = "ProjectShooterTests-Info.plist"; sourceTree = "<group>"; };
		578D3F8A18DB3066000FC8C1 /* en */ = {isa = PBXFileReference; lastKnownFileType = text.plist.strings; name = en; path = en.lproj/InfoPlist.strings; sourceTree = "<group>"; };
		578D3F8C18DB3066000FC8C1 /* ProjectShooterTests.m */ = {isa = PBXFileReference; lastKnownFileType = sourcecode.c.objc; path = ProjectShooterTests.m; sourceTree = "<group>"; };
		578D3F9718DB30B4000FC8C1 /* PSGameViewController.h */ = {isa = PBXFileReference; fileEncoding = 4; lastKnownFileType = sourcecode.c.h; path = PSGameViewController.h; sourceTree = "<group>"; };
		578D3F9818DB30B4000FC8C1 /* PSGameViewController.m */ = {isa = PBXFileReference; fileEncoding = 4; lastKnownFileType = sourcecode.c.objc; path = PSGameViewController.m; sourceTree = "<group>"; };
		578D3F9A18DB30CC000FC8C1 /* PSGameManager.h */ = {isa = PBXFileReference; fileEncoding = 4; lastKnownFileType = sourcecode.c.h; path = PSGameManager.h; sourceTree = "<group>"; };
		578D3F9B18DB30CC000FC8C1 /* PSGameManager.m */ = {isa = PBXFileReference; fileEncoding = 4; lastKnownFileType = sourcecode.c.objc; path = PSGameManager.m; sourceTree = "<group>"; };
		578D3F9D18DB6DD2000FC8C1 /* PSScreenElement.h */ = {isa = PBXFileReference; fileEncoding = 4; lastKnownFileType = sourcecode.c.h; path = PSScreenElement.h; sourceTree = "<group>"; };
		578D3F9E18DB6DD2000FC8C1 /* PSScreenElement.m */ = {isa = PBXFileReference; fileEncoding = 4; lastKnownFileType = sourcecode.c.objc; path = PSScreenElement.m; sourceTree = "<group>"; };
		578D3FA118DB6E24000FC8C1 /* PSPlayer.h */ = {isa = PBXFileReference; fileEncoding = 4; lastKnownFileType = sourcecode.c.h; path = PSPlayer.h; sourceTree = "<group>"; };
		578D3FA218DB6E24000FC8C1 /* PSPlayer.m */ = {isa = PBXFileReference; fileEncoding = 4; lastKnownFileType = sourcecode.c.objc; path = PSPlayer.m; sourceTree = "<group>"; };
		578D3FA418DB6E66000FC8C1 /* PSShooter.h */ = {isa = PBXFileReference; fileEncoding = 4; lastKnownFileType = sourcecode.c.h; path = PSShooter.h; sourceTree = "<group>"; };
		578D3FA518DB6E66000FC8C1 /* PSShooter.m */ = {isa = PBXFileReference; fileEncoding = 4; lastKnownFileType = sourcecode.c.objc; path = PSShooter.m; sourceTree = "<group>"; };
		578D3FA718DB6E8E000FC8C1 /* PSHelicopter.h */ = {isa = PBXFileReference; fileEncoding = 4; lastKnownFileType = sourcecode.c.h; path = PSHelicopter.h; sourceTree = "<group>"; };
		578D3FA818DB6E8E000FC8C1 /* PSHelicopter.m */ = {isa = PBXFileReference; fileEncoding = 4; lastKnownFileType = sourcecode.c.objc; path = PSHelicopter.m; sourceTree = "<group>"; };
		578D3FAC18DB6F7B000FC8C1 /* PSDropper.h */ = {isa = PBXFileReference; fileEncoding = 4; lastKnownFileType = sourcecode.c.h; path = PSDropper.h; sourceTree = "<group>"; };
		578D3FAD18DB6F7B000FC8C1 /* PSDropper.m */ = {isa = PBXFileReference; fileEncoding = 4; lastKnownFileType = sourcecode.c.objc; path = PSDropper.m; sourceTree = "<group>"; };
		578D3FAF18DB702E000FC8C1 /* PSBomb.h */ = {isa = PBXFileReference; fileEncoding = 4; lastKnownFileType = sourcecode.c.h; path = PSBomb.h; sourceTree = "<group>"; };
		578D3FB018DB702E000FC8C1 /* PSBomb.m */ = {isa = PBXFileReference; fileEncoding = 4; lastKnownFileType = sourcecode.c.objc; path = PSBomb.m; sourceTree = "<group>"; };
		578D3FB218DB71BC000FC8C1 /* PSBoulder.h */ = {isa = PBXFileReference; fileEncoding = 4; lastKnownFileType = sourcecode.c.h; path = PSBoulder.h; sourceTree = "<group>"; };
		578D3FB318DB71BC000FC8C1 /* PSBoulder.m */ = {isa = PBXFileReference; fileEncoding = 4; lastKnownFileType = sourcecode.c.objc; path = PSBoulder.m; sourceTree = "<group>"; };
		578D3FB518DB73A4000FC8C1 /* PSBonus.h */ = {isa = PBXFileReference; fileEncoding = 4; lastKnownFileType = sourcecode.c.h; path = PSBonus.h; sourceTree = "<group>"; };
		578D3FB618DB73A4000FC8C1 /* PSBonus.m */ = {isa = PBXFileReference; fileEncoding = 4; lastKnownFileType = sourcecode.c.objc; path = PSBonus.m; sourceTree = "<group>"; };
		578D3FB818DBB91D000FC8C1 /* Definitions.h */ = {isa = PBXFileReference; lastKnownFileType = sourcecode.c.h; path = Definitions.h; sourceTree = "<group>"; };
		578D3FBA18DD2250000FC8C1 /* Helicopter-1.png */ = {isa = PBXFileReference; lastKnownFileType = image.png; path = "Helicopter-1.png"; sourceTree = "<group>"; };
		578D3FBC18DD2F95000FC8C1 /* Definitions.m */ = {isa = PBXFileReference; fileEncoding = 4; lastKnownFileType = sourcecode.c.objc; path = Definitions.m; sourceTree = "<group>"; };
		57D1060118FE2ABA00FB8AEF /* PSTouch.h */ = {isa = PBXFileReference; fileEncoding = 4; lastKnownFileType = sourcecode.c.h; path = PSTouch.h; sourceTree = "<group>"; };
		57D1060218FE2ABA00FB8AEF /* PSTouch.m */ = {isa = PBXFileReference; fileEncoding = 4; lastKnownFileType = sourcecode.c.objc; path = PSTouch.m; sourceTree = "<group>"; };
		57D1060418FFF8ED00FB8AEF /* PSTapZone.h */ = {isa = PBXFileReference; fileEncoding = 4; lastKnownFileType = sourcecode.c.h; path = PSTapZone.h; sourceTree = "<group>"; };
		57D1060518FFF8ED00FB8AEF /* PSTapZone.m */ = {isa = PBXFileReference; fileEncoding = 4; lastKnownFileType = sourcecode.c.objc; path = PSTapZone.m; sourceTree = "<group>"; };
		57D1060819000C2700FB8AEF /* PSButton.h */ = {isa = PBXFileReference; fileEncoding = 4; lastKnownFileType = sourcecode.c.h; path = PSButton.h; sourceTree = "<group>"; };
		57D1060919000C2700FB8AEF /* PSButton.m */ = {isa = PBXFileReference; fileEncoding = 4; lastKnownFileType = sourcecode.c.objc; path = PSButton.m; sourceTree = "<group>"; };
/* End PBXFileReference section */

/* Begin PBXFrameworksBuildPhase section */
		578D3F5818DB3066000FC8C1 /* Frameworks */ = {
			isa = PBXFrameworksBuildPhase;
			buildActionMask = 2147483647;
			files = (
				5723849F18DDCE31000CA9EB /* QuartzCore.framework in Frameworks */,
				578D3F6118DB3066000FC8C1 /* CoreGraphics.framework in Frameworks */,
				578D3F6318DB3066000FC8C1 /* UIKit.framework in Frameworks */,
				578D3F5F18DB3066000FC8C1 /* Foundation.framework in Frameworks */,
			);
			runOnlyForDeploymentPostprocessing = 0;
		};
		578D3F7C18DB3066000FC8C1 /* Frameworks */ = {
			isa = PBXFrameworksBuildPhase;
			buildActionMask = 2147483647;
			files = (
				578D3F8118DB3066000FC8C1 /* XCTest.framework in Frameworks */,
				578D3F8318DB3066000FC8C1 /* UIKit.framework in Frameworks */,
				578D3F8218DB3066000FC8C1 /* Foundation.framework in Frameworks */,
			);
			runOnlyForDeploymentPostprocessing = 0;
		};
/* End PBXFrameworksBuildPhase section */

/* Begin PBXGroup section */
		578D3F5218DB3066000FC8C1 = {
			isa = PBXGroup;
			children = (
				578D3F6418DB3066000FC8C1 /* ProjectShooter */,
				578D3F8618DB3066000FC8C1 /* ProjectShooterTests */,
				578D3F5D18DB3066000FC8C1 /* Frameworks */,
				578D3F5C18DB3066000FC8C1 /* Products */,
			);
			sourceTree = "<group>";
		};
		578D3F5C18DB3066000FC8C1 /* Products */ = {
			isa = PBXGroup;
			children = (
				578D3F5B18DB3066000FC8C1 /* ProjectShooter.app */,
				578D3F7F18DB3066000FC8C1 /* ProjectShooterTests.xctest */,
			);
			name = Products;
			sourceTree = "<group>";
		};
		578D3F5D18DB3066000FC8C1 /* Frameworks */ = {
			isa = PBXGroup;
			children = (
				5723849E18DDCE31000CA9EB /* QuartzCore.framework */,
				578D3F5E18DB3066000FC8C1 /* Foundation.framework */,
				578D3F6018DB3066000FC8C1 /* CoreGraphics.framework */,
				578D3F6218DB3066000FC8C1 /* UIKit.framework */,
				578D3F8018DB3066000FC8C1 /* XCTest.framework */,
			);
			name = Frameworks;
			sourceTree = "<group>";
		};
		578D3F6418DB3066000FC8C1 /* ProjectShooter */ = {
			isa = PBXGroup;
			children = (
				578D3FB918DD222D000FC8C1 /* Images */,
				578D3F9618DB308C000FC8C1 /* Game Engine */,
				578D3F6D18DB3066000FC8C1 /* PSAppDelegate.h */,
				578D3F6E18DB3066000FC8C1 /* PSAppDelegate.m */,
				578D3F7018DB3066000FC8C1 /* Main_iPhone.storyboard */,
				578D3F7318DB3066000FC8C1 /* Main_iPad.storyboard */,
				578D3F7618DB3066000FC8C1 /* PSViewController.h */,
				578D3F7718DB3066000FC8C1 /* PSViewController.m */,
				578D3F7918DB3066000FC8C1 /* Images.xcassets */,
				578D3F6518DB3066000FC8C1 /* Supporting Files */,
			);
			path = ProjectShooter;
			sourceTree = "<group>";
		};
		578D3F6518DB3066000FC8C1 /* Supporting Files */ = {
			isa = PBXGroup;
			children = (
				578D3F6618DB3066000FC8C1 /* ProjectShooter-Info.plist */,
				578D3F6718DB3066000FC8C1 /* InfoPlist.strings */,
				578D3F6A18DB3066000FC8C1 /* main.m */,
				578D3F6C18DB3066000FC8C1 /* ProjectShooter-Prefix.pch */,
			);
			name = "Supporting Files";
			sourceTree = "<group>";
		};
		578D3F8618DB3066000FC8C1 /* ProjectShooterTests */ = {
			isa = PBXGroup;
			children = (
				578D3F8C18DB3066000FC8C1 /* ProjectShooterTests.m */,
				578D3F8718DB3066000FC8C1 /* Supporting Files */,
			);
			path = ProjectShooterTests;
			sourceTree = "<group>";
		};
		578D3F8718DB3066000FC8C1 /* Supporting Files */ = {
			isa = PBXGroup;
			children = (
				578D3F8818DB3066000FC8C1 /* ProjectShooterTests-Info.plist */,
				578D3F8918DB3066000FC8C1 /* InfoPlist.strings */,
			);
			name = "Supporting Files";
			sourceTree = "<group>";
		};
		578D3F9618DB308C000FC8C1 /* Game Engine */ = {
			isa = PBXGroup;
			children = (
				578D3FB818DBB91D000FC8C1 /* Definitions.h */,
				578D3FBC18DD2F95000FC8C1 /* Definitions.m */,
				578D3F9718DB30B4000FC8C1 /* PSGameViewController.h */,
				578D3F9818DB30B4000FC8C1 /* PSGameViewController.m */,
				578D3F9A18DB30CC000FC8C1 /* PSGameManager.h */,
				578D3F9B18DB30CC000FC8C1 /* PSGameManager.m */,
				578D3FA018DB6DF4000FC8C1 /* ScreenElement */,
			);
			name = "Game Engine";
			sourceTree = "<group>";
		};
		578D3FA018DB6DF4000FC8C1 /* ScreenElement */ = {
			isa = PBXGroup;
			children = (
				578D3F9D18DB6DD2000FC8C1 /* PSScreenElement.h */,
				578D3F9E18DB6DD2000FC8C1 /* PSScreenElement.m */,
				57D106071900047900FB8AEF /* Touch Elements */,
				578D3FAA18DB6F32000FC8C1 /* Player */,
				578D3FAB18DB6F52000FC8C1 /* Droppers */,
			);
			name = ScreenElement;
			sourceTree = "<group>";
		};
		578D3FAA18DB6F32000FC8C1 /* Player */ = {
			isa = PBXGroup;
			children = (
				578D3FA118DB6E24000FC8C1 /* PSPlayer.h */,
				578D3FA218DB6E24000FC8C1 /* PSPlayer.m */,
				578D3FA418DB6E66000FC8C1 /* PSShooter.h */,
				578D3FA518DB6E66000FC8C1 /* PSShooter.m */,
				578D3FA718DB6E8E000FC8C1 /* PSHelicopter.h */,
				578D3FA818DB6E8E000FC8C1 /* PSHelicopter.m */,
			);
			name = Player;
			sourceTree = "<group>";
		};
		578D3FAB18DB6F52000FC8C1 /* Droppers */ = {
			isa = PBXGroup;
			children = (
				578D3FAC18DB6F7B000FC8C1 /* PSDropper.h */,
				578D3FAD18DB6F7B000FC8C1 /* PSDropper.m */,
				578D3FAF18DB702E000FC8C1 /* PSBomb.h */,
				578D3FB018DB702E000FC8C1 /* PSBomb.m */,
				578D3FB218DB71BC000FC8C1 /* PSBoulder.h */,
				578D3FB318DB71BC000FC8C1 /* PSBoulder.m */,
				578D3FB518DB73A4000FC8C1 /* PSBonus.h */,
				578D3FB618DB73A4000FC8C1 /* PSBonus.m */,
			);
			name = Droppers;
			sourceTree = "<group>";
		};
		578D3FB918DD222D000FC8C1 /* Images */ = {
			isa = PBXGroup;
			children = (
				578D3FBA18DD2250000FC8C1 /* Helicopter-1.png */,
				572384A018DE58CF000CA9EB /* TankSpriteSheet.png */,
				572384A218DE5CC3000CA9EB /* Tank.png */,
				5771629C19001FD800CF2E82 /* left_arrow_pressed.png */,
				5771629D19001FD800CF2E82 /* right_arrow.png */,
				5771629E19001FD800CF2E82 /* right_arrow_pressed.png */,
				5771629F19001FD800CF2E82 /* left_arrow.png */,
			);
			name = Images;
			sourceTree = "<group>";
		};
		57D106071900047900FB8AEF /* Touch Elements */ = {
			isa = PBXGroup;
			children = (
				57D1060118FE2ABA00FB8AEF /* PSTouch.h */,
				57D1060218FE2ABA00FB8AEF /* PSTouch.m */,
				57D1060418FFF8ED00FB8AEF /* PSTapZone.h */,
				57D1060518FFF8ED00FB8AEF /* PSTapZone.m */,
				577162A419003F8300CF2E82 /* PSSwipeZone.h */,
				577162A519003F8300CF2E82 /* PSSwipeZone.m */,
				57D1060819000C2700FB8AEF /* PSButton.h */,
				57D1060919000C2700FB8AEF /* PSButton.m */,
			);
			name = "Touch Elements";
			sourceTree = "<group>";
		};
/* End PBXGroup section */

/* Begin PBXNativeTarget section */
		578D3F5A18DB3066000FC8C1 /* ProjectShooter */ = {
			isa = PBXNativeTarget;
			buildConfigurationList = 578D3F9018DB3066000FC8C1 /* Build configuration list for PBXNativeTarget "ProjectShooter" */;
			buildPhases = (
				578D3F5718DB3066000FC8C1 /* Sources */,
				578D3F5818DB3066000FC8C1 /* Frameworks */,
				578D3F5918DB3066000FC8C1 /* Resources */,
			);
			buildRules = (
			);
			dependencies = (
			);
			name = ProjectShooter;
			productName = ProjectShooter;
			productReference = 578D3F5B18DB3066000FC8C1 /* ProjectShooter.app */;
			productType = "com.apple.product-type.application";
		};
		578D3F7E18DB3066000FC8C1 /* ProjectShooterTests */ = {
			isa = PBXNativeTarget;
			buildConfigurationList = 578D3F9318DB3066000FC8C1 /* Build configuration list for PBXNativeTarget "ProjectShooterTests" */;
			buildPhases = (
				578D3F7B18DB3066000FC8C1 /* Sources */,
				578D3F7C18DB3066000FC8C1 /* Frameworks */,
				578D3F7D18DB3066000FC8C1 /* Resources */,
			);
			buildRules = (
			);
			dependencies = (
				578D3F8518DB3066000FC8C1 /* PBXTargetDependency */,
			);
			name = ProjectShooterTests;
			productName = ProjectShooterTests;
			productReference = 578D3F7F18DB3066000FC8C1 /* ProjectShooterTests.xctest */;
			productType = "com.apple.product-type.bundle.unit-test";
		};
/* End PBXNativeTarget section */

/* Begin PBXProject section */
		578D3F5318DB3066000FC8C1 /* Project object */ = {
			isa = PBXProject;
			attributes = {
				CLASSPREFIX = PS;
				LastUpgradeCheck = 0510;
				ORGANIZATIONNAME = "Aaron Kaufer";
				TargetAttributes = {
					578D3F7E18DB3066000FC8C1 = {
						TestTargetID = 578D3F5A18DB3066000FC8C1;
					};
				};
			};
			buildConfigurationList = 578D3F5618DB3066000FC8C1 /* Build configuration list for PBXProject "ProjectShooter" */;
			compatibilityVersion = "Xcode 3.2";
			developmentRegion = English;
			hasScannedForEncodings = 0;
			knownRegions = (
				en,
				Base,
			);
			mainGroup = 578D3F5218DB3066000FC8C1;
			productRefGroup = 578D3F5C18DB3066000FC8C1 /* Products */;
			projectDirPath = "";
			projectRoot = "";
			targets = (
				578D3F5A18DB3066000FC8C1 /* ProjectShooter */,
				578D3F7E18DB3066000FC8C1 /* ProjectShooterTests */,
			);
		};
/* End PBXProject section */

/* Begin PBXResourcesBuildPhase section */
		578D3F5918DB3066000FC8C1 /* Resources */ = {
			isa = PBXResourcesBuildPhase;
			buildActionMask = 2147483647;
			files = (
				578D3F7518DB3066000FC8C1 /* Main_iPad.storyboard in Resources */,
				578D3F7A18DB3066000FC8C1 /* Images.xcassets in Resources */,
				577162A119001FD800CF2E82 /* right_arrow.png in Resources */,
				572384A318DE5CC3000CA9EB /* Tank.png in Resources */,
				577162A019001FD800CF2E82 /* left_arrow_pressed.png in Resources */,
				577162A219001FD800CF2E82 /* right_arrow_pressed.png in Resources */,
				578D3FBB18DD2250000FC8C1 /* Helicopter-1.png in Resources */,
				578D3F7218DB3066000FC8C1 /* Main_iPhone.storyboard in Resources */,
				572384A118DE58CF000CA9EB /* TankSpriteSheet.png in Resources */,
				577162A319001FD800CF2E82 /* left_arrow.png in Resources */,
				578D3F6918DB3066000FC8C1 /* InfoPlist.strings in Resources */,
			);
			runOnlyForDeploymentPostprocessing = 0;
		};
		578D3F7D18DB3066000FC8C1 /* Resources */ = {
			isa = PBXResourcesBuildPhase;
			buildActionMask = 2147483647;
			files = (
				578D3F8B18DB3066000FC8C1 /* InfoPlist.strings in Resources */,
			);
			runOnlyForDeploymentPostprocessing = 0;
		};
/* End PBXResourcesBuildPhase section */

/* Begin PBXSourcesBuildPhase section */
		578D3F5718DB3066000FC8C1 /* Sources */ = {
			isa = PBXSourcesBuildPhase;
			buildActionMask = 2147483647;
			files = (
				578D3F6B18DB3066000FC8C1 /* main.m in Sources */,
				577162A619003F8300CF2E82 /* PSSwipeZone.m in Sources */,
				578D3F9918DB30B4000FC8C1 /* PSGameViewController.m in Sources */,
				578D3FB418DB71BC000FC8C1 /* PSBoulder.m in Sources */,
				578D3FB718DB73A4000FC8C1 /* PSBonus.m in Sources */,
				578D3F7818DB3066000FC8C1 /* PSViewController.m in Sources */,
				578D3F9F18DB6DD2000FC8C1 /* PSScreenElement.m in Sources */,
				578D3FBD18DD2F95000FC8C1 /* Definitions.m in Sources */,
				578D3F9C18DB30CC000FC8C1 /* PSGameManager.m in Sources */,
				578D3FA618DB6E66000FC8C1 /* PSShooter.m in Sources */,
				578D3FA318DB6E24000FC8C1 /* PSPlayer.m in Sources */,
				57D1060618FFF8ED00FB8AEF /* PSTapZone.m in Sources */,
				578D3F6F18DB3066000FC8C1 /* PSAppDelegate.m in Sources */,
				57D1060A19000C2700FB8AEF /* PSButton.m in Sources */,
				57D1060318FE2ABA00FB8AEF /* PSTouch.m in Sources */,
				578D3FA918DB6E8E000FC8C1 /* PSHelicopter.m in Sources */,
				578D3FB118DB702E000FC8C1 /* PSBomb.m in Sources */,
				578D3FAE18DB6F7B000FC8C1 /* PSDropper.m in Sources */,
			);
			runOnlyForDeploymentPostprocessing = 0;
		};
		578D3F7B18DB3066000FC8C1 /* Sources */ = {
			isa = PBXSourcesBuildPhase;
			buildActionMask = 2147483647;
			files = (
				578D3F8D18DB3066000FC8C1 /* ProjectShooterTests.m in Sources */,
			);
			runOnlyForDeploymentPostprocessing = 0;
		};
/* End PBXSourcesBuildPhase section */

/* Begin PBXTargetDependency section */
		578D3F8518DB3066000FC8C1 /* PBXTargetDependency */ = {
			isa = PBXTargetDependency;
			target = 578D3F5A18DB3066000FC8C1 /* ProjectShooter */;
			targetProxy = 578D3F8418DB3066000FC8C1 /* PBXContainerItemProxy */;
		};
/* End PBXTargetDependency section */

/* Begin PBXVariantGroup section */
		578D3F6718DB3066000FC8C1 /* InfoPlist.strings */ = {
			isa = PBXVariantGroup;
			children = (
				578D3F6818DB3066000FC8C1 /* en */,
			);
			name = InfoPlist.strings;
			sourceTree = "<group>";
		};
		578D3F7018DB3066000FC8C1 /* Main_iPhone.storyboard */ = {
			isa = PBXVariantGroup;
			children = (
				578D3F7118DB3066000FC8C1 /* Base */,
			);
			name = Main_iPhone.storyboard;
			sourceTree = "<group>";
		};
		578D3F7318DB3066000FC8C1 /* Main_iPad.storyboard */ = {
			isa = PBXVariantGroup;
			children = (
				578D3F7418DB3066000FC8C1 /* Base */,
			);
			name = Main_iPad.storyboard;
			sourceTree = "<group>";
		};
		578D3F8918DB3066000FC8C1 /* InfoPlist.strings */ = {
			isa = PBXVariantGroup;
			children = (
				578D3F8A18DB3066000FC8C1 /* en */,
			);
			name = InfoPlist.strings;
			sourceTree = "<group>";
		};
/* End PBXVariantGroup section */

/* Begin XCBuildConfiguration section */
		578D3F8E18DB3066000FC8C1 /* Debug */ = {
			isa = XCBuildConfiguration;
			buildSettings = {
				ALWAYS_SEARCH_USER_PATHS = NO;
				CLANG_CXX_LANGUAGE_STANDARD = "gnu++0x";
				CLANG_CXX_LIBRARY = "libc++";
				CLANG_ENABLE_MODULES = YES;
				CLANG_ENABLE_OBJC_ARC = YES;
				CLANG_WARN_BOOL_CONVERSION = YES;
				CLANG_WARN_CONSTANT_CONVERSION = YES;
				CLANG_WARN_DIRECT_OBJC_ISA_USAGE = YES_ERROR;
				CLANG_WARN_EMPTY_BODY = YES;
				CLANG_WARN_ENUM_CONVERSION = YES;
				CLANG_WARN_INT_CONVERSION = YES;
				CLANG_WARN_OBJC_ROOT_CLASS = YES_ERROR;
				CLANG_WARN__DUPLICATE_METHOD_MATCH = YES;
				"CODE_SIGN_IDENTITY[sdk=iphoneos*]" = "iPhone Developer";
				COPY_PHASE_STRIP = NO;
				GCC_C_LANGUAGE_STANDARD = gnu99;
				GCC_DYNAMIC_NO_PIC = NO;
				GCC_OPTIMIZATION_LEVEL = 0;
				GCC_PREPROCESSOR_DEFINITIONS = (
					"DEBUG=1",
					"$(inherited)",
				);
				GCC_SYMBOLS_PRIVATE_EXTERN = NO;
				GCC_WARN_64_TO_32_BIT_CONVERSION = YES;
				GCC_WARN_ABOUT_RETURN_TYPE = YES_ERROR;
				GCC_WARN_UNDECLARED_SELECTOR = YES;
				GCC_WARN_UNINITIALIZED_AUTOS = YES_AGGRESSIVE;
				GCC_WARN_UNUSED_FUNCTION = YES;
				GCC_WARN_UNUSED_VARIABLE = YES;
				IPHONEOS_DEPLOYMENT_TARGET = 7.1;
				ONLY_ACTIVE_ARCH = YES;
				SDKROOT = iphoneos;
				TARGETED_DEVICE_FAMILY = "1,2";
			};
			name = Debug;
		};
		578D3F8F18DB3066000FC8C1 /* Release */ = {
			isa = XCBuildConfiguration;
			buildSettings = {
				ALWAYS_SEARCH_USER_PATHS = NO;
				CLANG_CXX_LANGUAGE_STANDARD = "gnu++0x";
				CLANG_CXX_LIBRARY = "libc++";
				CLANG_ENABLE_MODULES = YES;
				CLANG_ENABLE_OBJC_ARC = YES;
				CLANG_WARN_BOOL_CONVERSION = YES;
				CLANG_WARN_CONSTANT_CONVERSION = YES;
				CLANG_WARN_DIRECT_OBJC_ISA_USAGE = YES_ERROR;
				CLANG_WARN_EMPTY_BODY = YES;
				CLANG_WARN_ENUM_CONVERSION = YES;
				CLANG_WARN_INT_CONVERSION = YES;
				CLANG_WARN_OBJC_ROOT_CLASS = YES_ERROR;
				CLANG_WARN__DUPLICATE_METHOD_MATCH = YES;
				"CODE_SIGN_IDENTITY[sdk=iphoneos*]" = "iPhone Developer";
				COPY_PHASE_STRIP = YES;
				ENABLE_NS_ASSERTIONS = NO;
				GCC_C_LANGUAGE_STANDARD = gnu99;
				GCC_WARN_64_TO_32_BIT_CONVERSION = YES;
				GCC_WARN_ABOUT_RETURN_TYPE = YES_ERROR;
				GCC_WARN_UNDECLARED_SELECTOR = YES;
				GCC_WARN_UNINITIALIZED_AUTOS = YES_AGGRESSIVE;
				GCC_WARN_UNUSED_FUNCTION = YES;
				GCC_WARN_UNUSED_VARIABLE = YES;
				IPHONEOS_DEPLOYMENT_TARGET = 7.1;
				SDKROOT = iphoneos;
				TARGETED_DEVICE_FAMILY = "1,2";
				VALIDATE_PRODUCT = YES;
			};
			name = Release;
		};
		578D3F9118DB3066000FC8C1 /* Debug */ = {
			isa = XCBuildConfiguration;
			buildSettings = {
				ASSETCATALOG_COMPILER_APPICON_NAME = AppIcon;
				ASSETCATALOG_COMPILER_LAUNCHIMAGE_NAME = LaunchImage;
				GCC_PRECOMPILE_PREFIX_HEADER = YES;
				GCC_PREFIX_HEADER = "ProjectShooter/ProjectShooter-Prefix.pch";
				INFOPLIST_FILE = "ProjectShooter/ProjectShooter-Info.plist";
				IPHONEOS_DEPLOYMENT_TARGET = 6.0;
				PRODUCT_NAME = "$(TARGET_NAME)";
				WRAPPER_EXTENSION = app;
			};
			name = Debug;
		};
		578D3F9218DB3066000FC8C1 /* Release */ = {
			isa = XCBuildConfiguration;
			buildSettings = {
				ASSETCATALOG_COMPILER_APPICON_NAME = AppIcon;
				ASSETCATALOG_COMPILER_LAUNCHIMAGE_NAME = LaunchImage;
				GCC_PRECOMPILE_PREFIX_HEADER = YES;
				GCC_PREFIX_HEADER = "ProjectShooter/ProjectShooter-Prefix.pch";
				INFOPLIST_FILE = "ProjectShooter/ProjectShooter-Info.plist";
				IPHONEOS_DEPLOYMENT_TARGET = 6.0;
				PRODUCT_NAME = "$(TARGET_NAME)";
				WRAPPER_EXTENSION = app;
			};
			name = Release;
		};
		578D3F9418DB3066000FC8C1 /* Debug */ = {
			isa = XCBuildConfiguration;
			buildSettings = {
				BUNDLE_LOADER = "$(BUILT_PRODUCTS_DIR)/ProjectShooter.app/ProjectShooter";
				FRAMEWORK_SEARCH_PATHS = (
					"$(SDKROOT)/Developer/Library/Frameworks",
					"$(inherited)",
					"$(DEVELOPER_FRAMEWORKS_DIR)",
				);
				GCC_PRECOMPILE_PREFIX_HEADER = YES;
				GCC_PREFIX_HEADER = "ProjectShooter/ProjectShooter-Prefix.pch";
				GCC_PREPROCESSOR_DEFINITIONS = (
					"DEBUG=1",
					"$(inherited)",
				);
				INFOPLIST_FILE = "ProjectShooterTests/ProjectShooterTests-Info.plist";
				PRODUCT_NAME = "$(TARGET_NAME)";
				TEST_HOST = "$(BUNDLE_LOADER)";
				WRAPPER_EXTENSION = xctest;
			};
			name = Debug;
		};
		578D3F9518DB3066000FC8C1 /* Release */ = {
			isa = XCBuildConfiguration;
			buildSettings = {
				BUNDLE_LOADER = "$(BUILT_PRODUCTS_DIR)/ProjectShooter.app/ProjectShooter";
				FRAMEWORK_SEARCH_PATHS = (
					"$(SDKROOT)/Developer/Library/Frameworks",
					"$(inherited)",
					"$(DEVELOPER_FRAMEWORKS_DIR)",
				);
				GCC_PRECOMPILE_PREFIX_HEADER = YES;
				GCC_PREFIX_HEADER = "ProjectShooter/ProjectShooter-Prefix.pch";
				INFOPLIST_FILE = "ProjectShooterTests/ProjectShooterTests-Info.plist";
				PRODUCT_NAME = "$(TARGET_NAME)";
				TEST_HOST = "$(BUNDLE_LOADER)";
				WRAPPER_EXTENSION = xctest;
			};
			name = Release;
		};
/* End XCBuildConfiguration section */

/* Begin XCConfigurationList section */
		578D3F5618DB3066000FC8C1 /* Build configuration list for PBXProject "ProjectShooter" */ = {
			isa = XCConfigurationList;
			buildConfigurations = (
				578D3F8E18DB3066000FC8C1 /* Debug */,
				578D3F8F18DB3066000FC8C1 /* Release */,
			);
			defaultConfigurationIsVisible = 0;
			defaultConfigurationName = Release;
		};
		578D3F9018DB3066000FC8C1 /* Build configuration list for PBXNativeTarget "ProjectShooter" */ = {
			isa = XCConfigurationList;
			buildConfigurations = (
				578D3F9118DB3066000FC8C1 /* Debug */,
				578D3F9218DB3066000FC8C1 /* Release */,
			);
			defaultConfigurationIsVisible = 0;
			defaultConfigurationName = Release;
		};
		578D3F9318DB3066000FC8C1 /* Build configuration list for PBXNativeTarget "ProjectShooterTests" */ = {
			isa = XCConfigurationList;
			buildConfigurations = (
				578D3F9418DB3066000FC8C1 /* Debug */,
				578D3F9518DB3066000FC8C1 /* Release */,
			);
			defaultConfigurationIsVisible = 0;
			defaultConfigurationName = Release;
		};
/* End XCConfigurationList section */
	};
	rootObject = 578D3F5318DB3066000FC8C1 /* Project object */;
}
